
Microsoft Visual Studio Solution File, Format Version 12.00
# Visual Studio Version 16
VisualStudioVersion = 16.0.31515.178
MinimumVisualStudioVersion = 10.0.40219.1
Project("{FAE04EC0-301F-11D3-BF4B-00C04F79EFBC}") = "WinFormsApp3", "WinFormsApp3.csproj", "{D8628F24-E813-449D-B5A2-E21AE976BC79}"
EndProject
Global
	GlobalSection(SolutionConfigurationPlatforms) = preSolution
		Debug|Any CPU = Debug|Any CPU
		Release|Any CPU = Release|Any CPU
	EndGlobalSection
	GlobalSection(ProjectConfigurationPlatforms) = postSolution
		{D8628F24-E813-449D-B5A2-E21AE976BC79}.Debug|Any CPU.ActiveCfg = Debug|Any CPU
		{D8628F24-E813-449D-B5A2-E21AE976BC79}.Debug|Any CPU.Build.0 = Debug|Any CPU
		{D8628F24-E813-449D-B5A2-E21AE976BC79}.Release|Any CPU.ActiveCfg = Release|Any CPU
		{D8628F24-E813-449D-B5A2-E21AE976BC79}.Release|Any CPU.Build.0 = Release|Any CPU
	EndGlobalSection
	GlobalSection(SolutionProperties) = preSolution
		HideSolutionNode = FALSE
	EndGlobalSection
	GlobalSection(ExtensibilityGlobals) = postSolution
		SolutionGuid = {08E525E9-752F-46EE-8D72-620B99A13A41}
	EndGlobalSection
EndGlobal
