
Microsoft Visual Studio Solution File, Format Version 12.00
# Visual Studio Version 16
VisualStudioVersion = 16.0.31410.357
MinimumVisualStudioVersion = 10.0.40219.1
Project("{FAE04EC0-301F-11D3-BF4B-00C04F79EFBC}") = "TempDataCheck", "TempDataCheck.csproj", "{60F902EA-2F33-43A6-BEC0-CD4DDE01C9C0}"
EndProject
Global
	GlobalSection(SolutionConfigurationPlatforms) = preSolution
		Debug|Any CPU = Debug|Any CPU
		Release|Any CPU = Release|Any CPU
	EndGlobalSection
	GlobalSection(ProjectConfigurationPlatforms) = postSolution
		{60F902EA-2F33-43A6-BEC0-CD4DDE01C9C0}.Debug|Any CPU.ActiveCfg = Debug|Any CPU
		{60F902EA-2F33-43A6-BEC0-CD4DDE01C9C0}.Debug|Any CPU.Build.0 = Debug|Any CPU
		{60F902EA-2F33-43A6-BEC0-CD4DDE01C9C0}.Release|Any CPU.ActiveCfg = Release|Any CPU
		{60F902EA-2F33-43A6-BEC0-CD4DDE01C9C0}.Release|Any CPU.Build.0 = Release|Any CPU
	EndGlobalSection
	GlobalSection(SolutionProperties) = preSolution
		HideSolutionNode = FALSE
	EndGlobalSection
	GlobalSection(ExtensibilityGlobals) = postSolution
		SolutionGuid = {E19C032D-F155-42F1-9D74-C64F95143871}
	EndGlobalSection
EndGlobal
