
Microsoft Visual Studio Solution File, Format Version 12.00
# Visual Studio Version 16
VisualStudioVersion = 16.0.31410.357
MinimumVisualStudioVersion = 10.0.40219.1
Project("{FAE04EC0-301F-11D3-BF4B-00C04F79EFBC}") = "ValidationCheck", "ValidationCheck.csproj", "{273A3CED-4917-40FD-98F7-D65F57889156}"
EndProject
Global
	GlobalSection(SolutionConfigurationPlatforms) = preSolution
		Debug|Any CPU = Debug|Any CPU
		Release|Any CPU = Release|Any CPU
	EndGlobalSection
	GlobalSection(ProjectConfigurationPlatforms) = postSolution
		{273A3CED-4917-40FD-98F7-D65F57889156}.Debug|Any CPU.ActiveCfg = Debug|Any CPU
		{273A3CED-4917-40FD-98F7-D65F57889156}.Debug|Any CPU.Build.0 = Debug|Any CPU
		{273A3CED-4917-40FD-98F7-D65F57889156}.Release|Any CPU.ActiveCfg = Release|Any CPU
		{273A3CED-4917-40FD-98F7-D65F57889156}.Release|Any CPU.Build.0 = Release|Any CPU
	EndGlobalSection
	GlobalSection(SolutionProperties) = preSolution
		HideSolutionNode = FALSE
	EndGlobalSection
	GlobalSection(ExtensibilityGlobals) = postSolution
		SolutionGuid = {6A246A94-D297-44B0-9E2F-934FC53006FC}
	EndGlobalSection
EndGlobal
