
Microsoft Visual Studio Solution File, Format Version 12.00
# Visual Studio Version 16
VisualStudioVersion = 16.0.31410.357
MinimumVisualStudioVersion = 10.0.40219.1
Project("{FAE04EC0-301F-11D3-BF4B-00C04F79EFBC}") = "Controllers and Actions", "Controllers and Actions.csproj", "{18D334B9-03E5-4338-BB5B-A94CE03FF2C4}"
EndProject
Global
	GlobalSection(SolutionConfigurationPlatforms) = preSolution
		Debug|Any CPU = Debug|Any CPU
		Release|Any CPU = Release|Any CPU
	EndGlobalSection
	GlobalSection(ProjectConfigurationPlatforms) = postSolution
		{18D334B9-03E5-4338-BB5B-A94CE03FF2C4}.Debug|Any CPU.ActiveCfg = Debug|Any CPU
		{18D334B9-03E5-4338-BB5B-A94CE03FF2C4}.Debug|Any CPU.Build.0 = Debug|Any CPU
		{18D334B9-03E5-4338-BB5B-A94CE03FF2C4}.Release|Any CPU.ActiveCfg = Release|Any CPU
		{18D334B9-03E5-4338-BB5B-A94CE03FF2C4}.Release|Any CPU.Build.0 = Release|Any CPU
	EndGlobalSection
	GlobalSection(SolutionProperties) = preSolution
		HideSolutionNode = FALSE
	EndGlobalSection
	GlobalSection(ExtensibilityGlobals) = postSolution
		SolutionGuid = {16617095-CBEE-4EC1-8583-DC8261BA8DD5}
	EndGlobalSection
EndGlobal
