
Microsoft Visual Studio Solution File, Format Version 12.00
# Visual Studio Version 16
VisualStudioVersion = 16.0.31702.278
MinimumVisualStudioVersion = 10.0.40219.1
Project("{FAE04EC0-301F-11D3-BF4B-00C04F79EFBC}") = "QuizManagementSystem", "QuizManagementSystem.csproj", "{8118F4FC-93BE-4342-95B6-2728665A26CF}"
EndProject
Global
	GlobalSection(SolutionConfigurationPlatforms) = preSolution
		Debug|Any CPU = Debug|Any CPU
		Release|Any CPU = Release|Any CPU
	EndGlobalSection
	GlobalSection(ProjectConfigurationPlatforms) = postSolution
		{8118F4FC-93BE-4342-95B6-2728665A26CF}.Debug|Any CPU.ActiveCfg = Debug|Any CPU
		{8118F4FC-93BE-4342-95B6-2728665A26CF}.Debug|Any CPU.Build.0 = Debug|Any CPU
		{8118F4FC-93BE-4342-95B6-2728665A26CF}.Release|Any CPU.ActiveCfg = Release|Any CPU
		{8118F4FC-93BE-4342-95B6-2728665A26CF}.Release|Any CPU.Build.0 = Release|Any CPU
	EndGlobalSection
	GlobalSection(SolutionProperties) = preSolution
		HideSolutionNode = FALSE
	EndGlobalSection
	GlobalSection(ExtensibilityGlobals) = postSolution
		SolutionGuid = {F6F3C8D7-9F1C-471B-9779-0B4DC338E816}
	EndGlobalSection
EndGlobal
