
Microsoft Visual Studio Solution File, Format Version 12.00
# Visual Studio Version 16
VisualStudioVersion = 16.0.31515.178
MinimumVisualStudioVersion = 10.0.40219.1
Project("{FAE04EC0-301F-11D3-BF4B-00C04F79EFBC}") = "EnitityFrameworkWithASP.NETCore", "EnitityFrameworkWithASP.NETCore.csproj", "{1DD014D8-1AD4-45A5-B300-FAC97AF79257}"
EndProject
Global
	GlobalSection(SolutionConfigurationPlatforms) = preSolution
		Debug|Any CPU = Debug|Any CPU
		Release|Any CPU = Release|Any CPU
	EndGlobalSection
	GlobalSection(ProjectConfigurationPlatforms) = postSolution
		{1DD014D8-1AD4-45A5-B300-FAC97AF79257}.Debug|Any CPU.ActiveCfg = Debug|Any CPU
		{1DD014D8-1AD4-45A5-B300-FAC97AF79257}.Debug|Any CPU.Build.0 = Debug|Any CPU
		{1DD014D8-1AD4-45A5-B300-FAC97AF79257}.Release|Any CPU.ActiveCfg = Release|Any CPU
		{1DD014D8-1AD4-45A5-B300-FAC97AF79257}.Release|Any CPU.Build.0 = Release|Any CPU
	EndGlobalSection
	GlobalSection(SolutionProperties) = preSolution
		HideSolutionNode = FALSE
	EndGlobalSection
	GlobalSection(ExtensibilityGlobals) = postSolution
		SolutionGuid = {3D2D7E77-5C07-4044-8B8B-FEE6A05C9F9A}
	EndGlobalSection
EndGlobal
