
Microsoft Visual Studio Solution File, Format Version 12.00
# Visual Studio Version 16
VisualStudioVersion = 16.0.31410.357
MinimumVisualStudioVersion = 10.0.40219.1
Project("{FAE04EC0-301F-11D3-BF4B-00C04F79EFBC}") = "WebApplication2 With Razor", "WebApplication2 With Razor.csproj", "{40258863-DF0C-4465-9C7D-0450E775AA5A}"
EndProject
Global
	GlobalSection(SolutionConfigurationPlatforms) = preSolution
		Debug|Any CPU = Debug|Any CPU
		Release|Any CPU = Release|Any CPU
	EndGlobalSection
	GlobalSection(ProjectConfigurationPlatforms) = postSolution
		{40258863-DF0C-4465-9C7D-0450E775AA5A}.Debug|Any CPU.ActiveCfg = Debug|Any CPU
		{40258863-DF0C-4465-9C7D-0450E775AA5A}.Debug|Any CPU.Build.0 = Debug|Any CPU
		{40258863-DF0C-4465-9C7D-0450E775AA5A}.Release|Any CPU.ActiveCfg = Release|Any CPU
		{40258863-DF0C-4465-9C7D-0450E775AA5A}.Release|Any CPU.Build.0 = Release|Any CPU
	EndGlobalSection
	GlobalSection(SolutionProperties) = preSolution
		HideSolutionNode = FALSE
	EndGlobalSection
	GlobalSection(ExtensibilityGlobals) = postSolution
		SolutionGuid = {743D14B8-89A2-4811-B279-2716DC91A03A}
	EndGlobalSection
EndGlobal
