
Microsoft Visual Studio Solution File, Format Version 12.00
# Visual Studio Version 16
VisualStudioVersion = 16.0.31410.357
MinimumVisualStudioVersion = 10.0.40219.1
Project("{FAE04EC0-301F-11D3-BF4B-00C04F79EFBC}") = "Partial View on different folders other than Shared", "Partial View on different folders other than Shared.csproj", "{83599129-EAED-44B9-9352-BDD80229AB2B}"
EndProject
Global
	GlobalSection(SolutionConfigurationPlatforms) = preSolution
		Debug|Any CPU = Debug|Any CPU
		Release|Any CPU = Release|Any CPU
	EndGlobalSection
	GlobalSection(ProjectConfigurationPlatforms) = postSolution
		{83599129-EAED-44B9-9352-BDD80229AB2B}.Debug|Any CPU.ActiveCfg = Debug|Any CPU
		{83599129-EAED-44B9-9352-BDD80229AB2B}.Debug|Any CPU.Build.0 = Debug|Any CPU
		{83599129-EAED-44B9-9352-BDD80229AB2B}.Release|Any CPU.ActiveCfg = Release|Any CPU
		{83599129-EAED-44B9-9352-BDD80229AB2B}.Release|Any CPU.Build.0 = Release|Any CPU
	EndGlobalSection
	GlobalSection(SolutionProperties) = preSolution
		HideSolutionNode = FALSE
	EndGlobalSection
	GlobalSection(ExtensibilityGlobals) = postSolution
		SolutionGuid = {23FDF8BB-7829-4212-A1E8-C53E8DDC1E4E}
	EndGlobalSection
EndGlobal
