
Microsoft Visual Studio Solution File, Format Version 12.00
# Visual Studio Version 16
VisualStudioVersion = 16.0.31410.357
MinimumVisualStudioVersion = 10.0.40219.1
Project("{FAE04EC0-301F-11D3-BF4B-00C04F79EFBC}") = "HandleErrorCheck", "HandleErrorCheck.csproj", "{7C29E397-DDF0-47C7-9CFB-55EA141F51F7}"
EndProject
Global
	GlobalSection(SolutionConfigurationPlatforms) = preSolution
		Debug|Any CPU = Debug|Any CPU
		Release|Any CPU = Release|Any CPU
	EndGlobalSection
	GlobalSection(ProjectConfigurationPlatforms) = postSolution
		{7C29E397-DDF0-47C7-9CFB-55EA141F51F7}.Debug|Any CPU.ActiveCfg = Debug|Any CPU
		{7C29E397-DDF0-47C7-9CFB-55EA141F51F7}.Debug|Any CPU.Build.0 = Debug|Any CPU
		{7C29E397-DDF0-47C7-9CFB-55EA141F51F7}.Release|Any CPU.ActiveCfg = Release|Any CPU
		{7C29E397-DDF0-47C7-9CFB-55EA141F51F7}.Release|Any CPU.Build.0 = Release|Any CPU
	EndGlobalSection
	GlobalSection(SolutionProperties) = preSolution
		HideSolutionNode = FALSE
	EndGlobalSection
	GlobalSection(ExtensibilityGlobals) = postSolution
		SolutionGuid = {D48FBEA8-0F7C-4F73-B971-251FD73B0793}
	EndGlobalSection
EndGlobal
